
Microsoft Visual Studio Solution File, Format Version 12.00
Project("{FAE04EC0-301F-11D3-BF4B-00C04F79EFBC}") = "CleanCodeLesson", "CleanCodeLesson\CleanCodeLesson.csproj", "{D14586FC-E0A5-442B-9945-8E68A18640AB}"
EndProject
Global
	GlobalSection(SolutionConfigurationPlatforms) = preSolution
		Debug|Any CPU = Debug|Any CPU
		Release|Any CPU = Release|Any CPU
	EndGlobalSection
	GlobalSection(ProjectConfigurationPlatforms) = postSolution
		{D14586FC-E0A5-442B-9945-8E68A18640AB}.Debug|Any CPU.ActiveCfg = Debug|Any CPU
		{D14586FC-E0A5-442B-9945-8E68A18640AB}.Debug|Any CPU.Build.0 = Debug|Any CPU
		{D14586FC-E0A5-442B-9945-8E68A18640AB}.Release|Any CPU.ActiveCfg = Release|Any CPU
		{D14586FC-E0A5-442B-9945-8E68A18640AB}.Release|Any CPU.Build.0 = Release|Any CPU
	EndGlobalSection
EndGlobal
